
Microsoft Visual Studio Solution File, Format Version 12.00
Project("{FAE04EC0-301F-11D3-BF4B-00C04F79EFBC}") = "ConseqConcatenation", "ConseqConcatenation\ConseqConcatenation.csproj", "{B18E8373-7120-4678-A4BC-EF3B1DC71BE9}"
EndProject
Project("{FAE04EC0-301F-11D3-BF4B-00C04F79EFBC}") = "CCTest", "CCTest\CCTest.csproj", "{9B26220D-1807-4730-BECE-E75A933EB7DF}"
EndProject
Global
	GlobalSection(SolutionConfigurationPlatforms) = preSolution
		Debug|Any CPU = Debug|Any CPU
		Release|Any CPU = Release|Any CPU
	EndGlobalSection
	GlobalSection(ProjectConfigurationPlatforms) = postSolution
		{B18E8373-7120-4678-A4BC-EF3B1DC71BE9}.Debug|Any CPU.ActiveCfg = Debug|Any CPU
		{B18E8373-7120-4678-A4BC-EF3B1DC71BE9}.Debug|Any CPU.Build.0 = Debug|Any CPU
		{B18E8373-7120-4678-A4BC-EF3B1DC71BE9}.Release|Any CPU.ActiveCfg = Release|Any CPU
		{B18E8373-7120-4678-A4BC-EF3B1DC71BE9}.Release|Any CPU.Build.0 = Release|Any CPU
		{9B26220D-1807-4730-BECE-E75A933EB7DF}.Debug|Any CPU.ActiveCfg = Debug|Any CPU
		{9B26220D-1807-4730-BECE-E75A933EB7DF}.Debug|Any CPU.Build.0 = Debug|Any CPU
		{9B26220D-1807-4730-BECE-E75A933EB7DF}.Release|Any CPU.ActiveCfg = Release|Any CPU
		{9B26220D-1807-4730-BECE-E75A933EB7DF}.Release|Any CPU.Build.0 = Release|Any CPU
	EndGlobalSection
EndGlobal
